{
  "name": "server-side-api",
  "version": "1.0.0",
  "lockfileVersion": 2,
  "requires": true,
  "packages": {
    "": {
      "name": "server-side-api",
      "version": "1.0.0",
      "license": "ISC",
      "dependencies": {
        "axios": "^0.26.0",
        "dotenv": "^16.0.0",
        "js": "^0.1.0",
        "moment": "^2.29.1"
      }
    },
    "node_modules/axios": {
      "version": "0.26.0",
      "resolved": "https://registry.npmjs.org/axios/-/axios-0.26.0.tgz",
      "integrity": "sha512-lKoGLMYtHvFrPVt3r+RBMp9nh34N0M8zEfCWqdWZx6phynIEhQqAdydpyBAAG211zlhX9Rgu08cOamy6XjE5Og==",
      "dependencies": {
        "follow-redirects": "^1.14.8"
      }
    },
    "node_modules/commander": {
      "version": "1.1.1",
      "resolved": "https://registry.npmjs.org/commander/-/commander-1.1.1.tgz",
      "integrity": "sha1-UNFlGGiuYOzP8KLZ80WVN2vGsEE=",
      "dependencies": {
        "keypress": "0.1.x"
      },
      "engines": {
        "node": ">= 0.6.x"
      }
    },
    "node_modules/dotenv": {
      "version": "16.0.0",
      "resolved": "https://registry.npmjs.org/dotenv/-/dotenv-16.0.0.tgz",
      "integrity": "sha512-qD9WU0MPM4SWLPJy/r2Be+2WgQj8plChsyrCNQzW/0WjvcJQiKQJ9mH3ZgB3fxbUUxgc/11ZJ0Fi5KiimWGz2Q==",
      "engines": {
        "node": ">=12"
      }
    },
    "node_modules/follow-redirects": {
      "version": "1.14.9",
      "resolved": "https://registry.npmjs.org/follow-redirects/-/follow-redirects-1.14.9.tgz",
      "integrity": "sha512-MQDfihBQYMcyy5dhRDJUHcw7lb2Pv/TuE6xP1vyraLukNDHKbDxDNaOE3NbCAdKQApno+GPRyo1YAp89yCjK4w==",
      "funding": [
        {
          "type": "individual",
          "url": "https://github.com/sponsors/RubenVerborgh"
        }
      ],
      "engines": {
        "node": ">=4.0"
      },
      "peerDependenciesMeta": {
        "debug": {
          "optional": true
        }
      }
    },
    "node_modules/js": {
      "version": "0.1.0",
      "resolved": "https://registry.npmjs.org/js/-/js-0.1.0.tgz",
      "integrity": "sha1-4dCv1V6jnCso2jBOgUPq8sEz82Y=",
      "dependencies": {
        "commander": "~1.1.1"
      },
      "bin": {
        "js": "bin/js"
      }
    },
    "node_modules/keypress": {
      "version": "0.1.0",
      "resolved": "https://registry.npmjs.org/keypress/-/keypress-0.1.0.tgz",
      "integrity": "sha1-SjGI1CkbZrT2XtuZ+AaqmuKTWSo="
    },
    "node_modules/moment": {
      "version": "2.29.1",
      "resolved": "https://registry.npmjs.org/moment/-/moment-2.29.1.tgz",
      "integrity": "sha512-kHmoybcPV8Sqy59DwNDY3Jefr64lK/by/da0ViFcuA4DH0vQg5Q6Ze5VimxkfQNSC+Mls/Kx53s7TjP1RhFEDQ==",
      "engines": {
        "node": "*"
      }
    }
  },
  "dependencies": {
    "axios": {
      "version": "0.26.0",
      "resolved": "https://registry.npmjs.org/axios/-/axios-0.26.0.tgz",
      "integrity": "sha512-lKoGLMYtHvFrPVt3r+RBMp9nh34N0M8zEfCWqdWZx6phynIEhQqAdydpyBAAG211zlhX9Rgu08cOamy6XjE5Og==",
      "requires": {
        "follow-redirects": "^1.14.8"
      }
    },
    "commander": {
      "version": "1.1.1",
      "resolved": "https://registry.npmjs.org/commander/-/commander-1.1.1.tgz",
      "integrity": "sha1-UNFlGGiuYOzP8KLZ80WVN2vGsEE=",
      "requires": {
        "keypress": "0.1.x"
      }
    },
    "dotenv": {
      "version": "16.0.0",
      "resolved": "https://registry.npmjs.org/dotenv/-/dotenv-16.0.0.tgz",
      "integrity": "sha512-qD9WU0MPM4SWLPJy/r2Be+2WgQj8plChsyrCNQzW/0WjvcJQiKQJ9mH3ZgB3fxbUUxgc/11ZJ0Fi5KiimWGz2Q=="
    },
    "follow-redirects": {
      "version": "1.14.9",
      "resolved": "https://registry.npmjs.org/follow-redirects/-/follow-redirects-1.14.9.tgz",
      "integrity": "sha512-MQDfihBQYMcyy5dhRDJUHcw7lb2Pv/TuE6xP1vyraLukNDHKbDxDNaOE3NbCAdKQApno+GPRyo1YAp89yCjK4w=="
    },
    "js": {
      "version": "0.1.0",
      "resolved": "https://registry.npmjs.org/js/-/js-0.1.0.tgz",
      "integrity": "sha1-4dCv1V6jnCso2jBOgUPq8sEz82Y=",
      "requires": {
        "commander": "~1.1.1"
      }
    },
    "keypress": {
      "version": "0.1.0",
      "resolved": "https://registry.npmjs.org/keypress/-/keypress-0.1.0.tgz",
      "integrity": "sha1-SjGI1CkbZrT2XtuZ+AaqmuKTWSo="
    },
    "moment": {
      "version": "2.29.1",
      "resolved": "https://registry.npmjs.org/moment/-/moment-2.29.1.tgz",
      "integrity": "sha512-kHmoybcPV8Sqy59DwNDY3Jefr64lK/by/da0ViFcuA4DH0vQg5Q6Ze5VimxkfQNSC+Mls/Kx53s7TjP1RhFEDQ=="
    }
  }
}
